
Microsoft Visual Studio Solution File, Format Version 12.00
# Visual Studio Version 17
VisualStudioVersion = 17.0.31903.59
MinimumVisualStudioVersion = 10.0.40219.1
Project("{FAE04EC0-301F-11D3-BF4B-00C04F79EFBC}") = "MoneyExtension", "MoneyExtension\MoneyExtension.csproj", "{1B2EF560-4CB6-4794-829A-DF681C4FA550}"
EndProject
Project("{FAE04EC0-301F-11D3-BF4B-00C04F79EFBC}") = "MoneyExtension.test", "MoneyExtension.Tests\MoneyExtension.test.csproj", "{87A956A8-0101-44F4-AD43-DAF9878AD1CA}"
EndProject
Global
	GlobalSection(SolutionConfigurationPlatforms) = preSolution
		Debug|Any CPU = Debug|Any CPU
		Release|Any CPU = Release|Any CPU
	EndGlobalSection
	GlobalSection(SolutionProperties) = preSolution
		HideSolutionNode = FALSE
	EndGlobalSection
	GlobalSection(ProjectConfigurationPlatforms) = postSolution
		{1B2EF560-4CB6-4794-829A-DF681C4FA550}.Debug|Any CPU.ActiveCfg = Debug|Any CPU
		{1B2EF560-4CB6-4794-829A-DF681C4FA550}.Debug|Any CPU.Build.0 = Debug|Any CPU
		{1B2EF560-4CB6-4794-829A-DF681C4FA550}.Release|Any CPU.ActiveCfg = Release|Any CPU
		{1B2EF560-4CB6-4794-829A-DF681C4FA550}.Release|Any CPU.Build.0 = Release|Any CPU
		{87A956A8-0101-44F4-AD43-DAF9878AD1CA}.Debug|Any CPU.ActiveCfg = Debug|Any CPU
		{87A956A8-0101-44F4-AD43-DAF9878AD1CA}.Debug|Any CPU.Build.0 = Debug|Any CPU
		{87A956A8-0101-44F4-AD43-DAF9878AD1CA}.Release|Any CPU.ActiveCfg = Release|Any CPU
		{87A956A8-0101-44F4-AD43-DAF9878AD1CA}.Release|Any CPU.Build.0 = Release|Any CPU
	EndGlobalSection
EndGlobal
